// !$*UTF8*$!
{
	archiveVersion = 1;
	classes = {
	};
	objectVersion = 48;
	objects = {

/* Begin PBXBuildFile section */
		D80857D4206887F400807535 /* LocationCD+CoreDataClass.swift in Sources */ = {isa = PBXBuildFile; fileRef = D80857D0206887F400807535 /* LocationCD+CoreDataClass.swift */; };
		D80857D5206887F400807535 /* LocationCD+CoreDataProperties.swift in Sources */ = {isa = PBXBuildFile; fileRef = D80857D1206887F400807535 /* LocationCD+CoreDataProperties.swift */; };
		D80857D6206887F400807535 /* PhotosCD+CoreDataClass.swift in Sources */ = {isa = PBXBuildFile; fileRef = D80857D2206887F400807535 /* PhotosCD+CoreDataClass.swift */; };
		D80857D7206887F400807535 /* PhotosCD+CoreDataProperties.swift in Sources */ = {isa = PBXBuildFile; fileRef = D80857D3206887F400807535 /* PhotosCD+CoreDataProperties.swift */; };
		D80857D9206890DA00807535 /* CoreDataStach.swift in Sources */ = {isa = PBXBuildFile; fileRef = D80857D8206890DA00807535 /* CoreDataStach.swift */; };
		D810F427201D6B3F00782825 /* GCDBlankBox.swift in Sources */ = {isa = PBXBuildFile; fileRef = D810F426201D6B3F00782825 /* GCDBlankBox.swift */; };
		D810F429201D6B6000782825 /* FlickerClient.swift in Sources */ = {isa = PBXBuildFile; fileRef = D810F428201D6B6000782825 /* FlickerClient.swift */; };
		D810F42B201D6B9500782825 /* MapViewController.swift in Sources */ = {isa = PBXBuildFile; fileRef = D810F42A201D6B9500782825 /* MapViewController.swift */; };
		D810F42E201D6C0800782825 /* MapKit.framework in Frameworks */ = {isa = PBXBuildFile; fileRef = D810F42D201D6C0800782825 /* MapKit.framework */; };
		D810F430201E4EA900782825 /* FlickrCollectionViewController.swift in Sources */ = {isa = PBXBuildFile; fileRef = D810F42F201E4EA900782825 /* FlickrCollectionViewController.swift */; };
		D810F432201E4FE300782825 /* FlickrCollectionViewCell.swift in Sources */ = {isa = PBXBuildFile; fileRef = D810F431201E4FE300782825 /* FlickrCollectionViewCell.swift */; };
		D881E67F203A3DCF00165B02 /* Constants.swift in Sources */ = {isa = PBXBuildFile; fileRef = D881E67E203A3DCF00165B02 /* Constants.swift */; };
		D88A7C14201C34330079EE9B /* AppDelegate.swift in Sources */ = {isa = PBXBuildFile; fileRef = D88A7C13201C34330079EE9B /* AppDelegate.swift */; };
		D88A7C16201C34330079EE9B /* ViewController.swift in Sources */ = {isa = PBXBuildFile; fileRef = D88A7C15201C34330079EE9B /* ViewController.swift */; };
		D88A7C19201C34330079EE9B /* Main.storyboard in Resources */ = {isa = PBXBuildFile; fileRef = D88A7C17201C34330079EE9B /* Main.storyboard */; };
		D88A7C1C201C34330079EE9B /* Virtual_Tourist.xcdatamodeld in Sources */ = {isa = PBXBuildFile; fileRef = D88A7C1A201C34330079EE9B /* Virtual_Tourist.xcdatamodeld */; };
		D88A7C1E201C34330079EE9B /* Assets.xcassets in Resources */ = {isa = PBXBuildFile; fileRef = D88A7C1D201C34330079EE9B /* Assets.xcassets */; };
		D88A7C21201C34330079EE9B /* LaunchScreen.storyboard in Resources */ = {isa = PBXBuildFile; fileRef = D88A7C1F201C34330079EE9B /* LaunchScreen.storyboard */; };
		D88A7C2C201C34330079EE9B /* Virtual_TouristTests.swift in Sources */ = {isa = PBXBuildFile; fileRef = D88A7C2B201C34330079EE9B /* Virtual_TouristTests.swift */; };
		D88A7C37201C34330079EE9B /* Virtual_TouristUITests.swift in Sources */ = {isa = PBXBuildFile; fileRef = D88A7C36201C34330079EE9B /* Virtual_TouristUITests.swift */; };
/* End PBXBuildFile section */

/* Begin PBXContainerItemProxy section */
		D88A7C28201C34330079EE9B /* PBXContainerItemProxy */ = {
			isa = PBXContainerItemProxy;
			containerPortal = D88A7C08201C34330079EE9B /* Project object */;
			proxyType = 1;
			remoteGlobalIDString = D88A7C0F201C34330079EE9B;
			remoteInfo = "Virtual Tourist";
		};
		D88A7C33201C34330079EE9B /* PBXContainerItemProxy */ = {
			isa = PBXContainerItemProxy;
			containerPortal = D88A7C08201C34330079EE9B /* Project object */;
			proxyType = 1;
			remoteGlobalIDString = D88A7C0F201C34330079EE9B;
			remoteInfo = "Virtual Tourist";
		};
/* End PBXContainerItemProxy section */

/* Begin PBXFileReference section */
		D80857D0206887F400807535 /* LocationCD+CoreDataClass.swift */ = {isa = PBXFileReference; lastKnownFileType = sourcecode.swift; path = "LocationCD+CoreDataClass.swift"; sourceTree = "<group>"; };
		D80857D1206887F400807535 /* LocationCD+CoreDataProperties.swift */ = {isa = PBXFileReference; lastKnownFileType = sourcecode.swift; path = "LocationCD+CoreDataProperties.swift"; sourceTree = "<group>"; };
		D80857D2206887F400807535 /* PhotosCD+CoreDataClass.swift */ = {isa = PBXFileReference; lastKnownFileType = sourcecode.swift; path = "PhotosCD+CoreDataClass.swift"; sourceTree = "<group>"; };
		D80857D3206887F400807535 /* PhotosCD+CoreDataProperties.swift */ = {isa = PBXFileReference; lastKnownFileType = sourcecode.swift; path = "PhotosCD+CoreDataProperties.swift"; sourceTree = "<group>"; };
		D80857D8206890DA00807535 /* CoreDataStach.swift */ = {isa = PBXFileReference; lastKnownFileType = sourcecode.swift; path = CoreDataStach.swift; sourceTree = "<group>"; };
		D810F426201D6B3F00782825 /* GCDBlankBox.swift */ = {isa = PBXFileReference; lastKnownFileType = sourcecode.swift; path = GCDBlankBox.swift; sourceTree = "<group>"; };
		D810F428201D6B6000782825 /* FlickerClient.swift */ = {isa = PBXFileReference; lastKnownFileType = sourcecode.swift; path = FlickerClient.swift; sourceTree = "<group>"; };
		D810F42A201D6B9500782825 /* MapViewController.swift */ = {isa = PBXFileReference; lastKnownFileType = sourcecode.swift; path = MapViewController.swift; sourceTree = "<group>"; };
		D810F42D201D6C0800782825 /* MapKit.framework */ = {isa = PBXFileReference; lastKnownFileType = wrapper.framework; name = MapKit.framework; path = System/Library/Frameworks/MapKit.framework; sourceTree = SDKROOT; };
		D810F42F201E4EA900782825 /* FlickrCollectionViewController.swift */ = {isa = PBXFileReference; lastKnownFileType = sourcecode.swift; path = FlickrCollectionViewController.swift; sourceTree = "<group>"; };
		D810F431201E4FE300782825 /* FlickrCollectionViewCell.swift */ = {isa = PBXFileReference; lastKnownFileType = sourcecode.swift; path = FlickrCollectionViewCell.swift; sourceTree = "<group>"; };
		D881E67E203A3DCF00165B02 /* Constants.swift */ = {isa = PBXFileReference; lastKnownFileType = sourcecode.swift; path = Constants.swift; sourceTree = "<group>"; };
		D88A7C10201C34330079EE9B /* Virtual Tourist.app */ = {isa = PBXFileReference; explicitFileType = wrapper.application; includeInIndex = 0; path = "Virtual Tourist.app"; sourceTree = BUILT_PRODUCTS_DIR; };
		D88A7C13201C34330079EE9B /* AppDelegate.swift */ = {isa = PBXFileReference; lastKnownFileType = sourcecode.swift; path = AppDelegate.swift; sourceTree = "<group>"; };
		D88A7C15201C34330079EE9B /* ViewController.swift */ = {isa = PBXFileReference; lastKnownFileType = sourcecode.swift; path = ViewController.swift; sourceTree = "<group>"; };
		D88A7C18201C34330079EE9B /* Base */ = {isa = PBXFileReference; lastKnownFileType = file.storyboard; name = Base; path = Base.lproj/Main.storyboard; sourceTree = "<group>"; };
		D88A7C1B201C34330079EE9B /* Virtual_Tourist.xcdatamodel */ = {isa = PBXFileReference; lastKnownFileType = wrapper.xcdatamodel; path = Virtual_Tourist.xcdatamodel; sourceTree = "<group>"; };
		D88A7C1D201C34330079EE9B /* Assets.xcassets */ = {isa = PBXFileReference; lastKnownFileType = folder.assetcatalog; path = Assets.xcassets; sourceTree = "<group>"; };
		D88A7C20201C34330079EE9B /* Base */ = {isa = PBXFileReference; lastKnownFileType = file.storyboard; name = Base; path = Base.lproj/LaunchScreen.storyboard; sourceTree = "<group>"; };
		D88A7C22201C34330079EE9B /* Info.plist */ = {isa = PBXFileReference; lastKnownFileType = text.plist.xml; path = Info.plist; sourceTree = "<group>"; };
		D88A7C27201C34330079EE9B /* Virtual TouristTests.xctest */ = {isa = PBXFileReference; explicitFileType = wrapper.cfbundle; includeInIndex = 0; path = "Virtual TouristTests.xctest"; sourceTree = BUILT_PRODUCTS_DIR; };
		D88A7C2B201C34330079EE9B /* Virtual_TouristTests.swift */ = {isa = PBXFileReference; lastKnownFileType = sourcecode.swift; path = Virtual_TouristTests.swift; sourceTree = "<group>"; };
		D88A7C2D201C34330079EE9B /* Info.plist */ = {isa = PBXFileReference; lastKnownFileType = text.plist.xml; path = Info.plist; sourceTree = "<group>"; };
		D88A7C32201C34330079EE9B /* Virtual TouristUITests.xctest */ = {isa = PBXFileReference; explicitFileType = wrapper.cfbundle; includeInIndex = 0; path = "Virtual TouristUITests.xctest"; sourceTree = BUILT_PRODUCTS_DIR; };
		D88A7C36201C34330079EE9B /* Virtual_TouristUITests.swift */ = {isa = PBXFileReference; lastKnownFileType = sourcecode.swift; path = Virtual_TouristUITests.swift; sourceTree = "<group>"; };
		D88A7C38201C34330079EE9B /* Info.plist */ = {isa = PBXFileReference; lastKnownFileType = text.plist.xml; path = Info.plist; sourceTree = "<group>"; };
/* End PBXFileReference section */

/* Begin PBXFrameworksBuildPhase section */
		D88A7C0D201C34330079EE9B /* Frameworks */ = {
			isa = PBXFrameworksBuildPhase;
			buildActionMask = 2147483647;
			files = (
				D810F42E201D6C0800782825 /* MapKit.framework in Frameworks */,
			);
			runOnlyForDeploymentPostprocessing = 0;
		};
		D88A7C24201C34330079EE9B /* Frameworks */ = {
			isa = PBXFrameworksBuildPhase;
			buildActionMask = 2147483647;
			files = (
			);
			runOnlyForDeploymentPostprocessing = 0;
		};
		D88A7C2F201C34330079EE9B /* Frameworks */ = {
			isa = PBXFrameworksBuildPhase;
			buildActionMask = 2147483647;
			files = (
			);
			runOnlyForDeploymentPostprocessing = 0;
		};
/* End PBXFrameworksBuildPhase section */

/* Begin PBXGroup section */
		D810F422201D6AC100782825 /* Model */ = {
			isa = PBXGroup;
			children = (
				D80857D0206887F400807535 /* LocationCD+CoreDataClass.swift */,
				D80857D1206887F400807535 /* LocationCD+CoreDataProperties.swift */,
				D80857D2206887F400807535 /* PhotosCD+CoreDataClass.swift */,
				D80857D3206887F400807535 /* PhotosCD+CoreDataProperties.swift */,
				D88A7C1A201C34330079EE9B /* Virtual_Tourist.xcdatamodeld */,
				D881E67E203A3DCF00165B02 /* Constants.swift */,
				D80857D8206890DA00807535 /* CoreDataStach.swift */,
			);
			path = Model;
			sourceTree = "<group>";
		};
		D810F423201D6ACF00782825 /* View */ = {
			isa = PBXGroup;
			children = (
				D88A7C17201C34330079EE9B /* Main.storyboard */,
				D88A7C1F201C34330079EE9B /* LaunchScreen.storyboard */,
			);
			path = View;
			sourceTree = "<group>";
		};
		D810F424201D6AD500782825 /* Controller */ = {
			isa = PBXGroup;
			children = (
				D88A7C15201C34330079EE9B /* ViewController.swift */,
				D810F42A201D6B9500782825 /* MapViewController.swift */,
				D810F42F201E4EA900782825 /* FlickrCollectionViewController.swift */,
				D810F431201E4FE300782825 /* FlickrCollectionViewCell.swift */,
			);
			path = Controller;
			sourceTree = "<group>";
		};
		D810F425201D6ADF00782825 /* Network */ = {
			isa = PBXGroup;
			children = (
				D810F426201D6B3F00782825 /* GCDBlankBox.swift */,
				D810F428201D6B6000782825 /* FlickerClient.swift */,
			);
			path = Network;
			sourceTree = "<group>";
		};
		D810F42C201D6C0800782825 /* Frameworks */ = {
			isa = PBXGroup;
			children = (
				D810F42D201D6C0800782825 /* MapKit.framework */,
			);
			name = Frameworks;
			sourceTree = "<group>";
		};
		D88A7C07201C34330079EE9B = {
			isa = PBXGroup;
			children = (
				D88A7C12201C34330079EE9B /* Virtual Tourist */,
				D88A7C2A201C34330079EE9B /* Virtual TouristTests */,
				D88A7C35201C34330079EE9B /* Virtual TouristUITests */,
				D88A7C11201C34330079EE9B /* Products */,
				D810F42C201D6C0800782825 /* Frameworks */,
			);
			sourceTree = "<group>";
		};
		D88A7C11201C34330079EE9B /* Products */ = {
			isa = PBXGroup;
			children = (
				D88A7C10201C34330079EE9B /* Virtual Tourist.app */,
				D88A7C27201C34330079EE9B /* Virtual TouristTests.xctest */,
				D88A7C32201C34330079EE9B /* Virtual TouristUITests.xctest */,
			);
			name = Products;
			sourceTree = "<group>";
		};
		D88A7C12201C34330079EE9B /* Virtual Tourist */ = {
			isa = PBXGroup;
			children = (
				D88A7C1D201C34330079EE9B /* Assets.xcassets */,
				D88A7C13201C34330079EE9B /* AppDelegate.swift */,
				D88A7C22201C34330079EE9B /* Info.plist */,
				D810F425201D6ADF00782825 /* Network */,
				D810F424201D6AD500782825 /* Controller */,
				D810F423201D6ACF00782825 /* View */,
				D810F422201D6AC100782825 /* Model */,
			);
			path = "Virtual Tourist";
			sourceTree = "<group>";
		};
		D88A7C2A201C34330079EE9B /* Virtual TouristTests */ = {
			isa = PBXGroup;
			children = (
				D88A7C2B201C34330079EE9B /* Virtual_TouristTests.swift */,
				D88A7C2D201C34330079EE9B /* Info.plist */,
			);
			path = "Virtual TouristTests";
			sourceTree = "<group>";
		};
		D88A7C35201C34330079EE9B /* Virtual TouristUITests */ = {
			isa = PBXGroup;
			children = (
				D88A7C36201C34330079EE9B /* Virtual_TouristUITests.swift */,
				D88A7C38201C34330079EE9B /* Info.plist */,
			);
			path = "Virtual TouristUITests";
			sourceTree = "<group>";
		};
/* End PBXGroup section */

/* Begin PBXNativeTarget section */
		D88A7C0F201C34330079EE9B /* Virtual Tourist */ = {
			isa = PBXNativeTarget;
			buildConfigurationList = D88A7C3B201C34330079EE9B /* Build configuration list for PBXNativeTarget "Virtual Tourist" */;
			buildPhases = (
				D88A7C0C201C34330079EE9B /* Sources */,
				D88A7C0D201C34330079EE9B /* Frameworks */,
				D88A7C0E201C34330079EE9B /* Resources */,
			);
			buildRules = (
			);
			dependencies = (
			);
			name = "Virtual Tourist";
			productName = "Virtual Tourist";
			productReference = D88A7C10201C34330079EE9B /* Virtual Tourist.app */;
			productType = "com.apple.product-type.application";
		};
		D88A7C26201C34330079EE9B /* Virtual TouristTests */ = {
			isa = PBXNativeTarget;
			buildConfigurationList = D88A7C3E201C34330079EE9B /* Build configuration list for PBXNativeTarget "Virtual TouristTests" */;
			buildPhases = (
				D88A7C23201C34330079EE9B /* Sources */,
				D88A7C24201C34330079EE9B /* Frameworks */,
				D88A7C25201C34330079EE9B /* Resources */,
			);
			buildRules = (
			);
			dependencies = (
				D88A7C29201C34330079EE9B /* PBXTargetDependency */,
			);
			name = "Virtual TouristTests";
			productName = "Virtual TouristTests";
			productReference = D88A7C27201C34330079EE9B /* Virtual TouristTests.xctest */;
			productType = "com.apple.product-type.bundle.unit-test";
		};
		D88A7C31201C34330079EE9B /* Virtual TouristUITests */ = {
			isa = PBXNativeTarget;
			buildConfigurationList = D88A7C41201C34330079EE9B /* Build configuration list for PBXNativeTarget "Virtual TouristUITests" */;
			buildPhases = (
				D88A7C2E201C34330079EE9B /* Sources */,
				D88A7C2F201C34330079EE9B /* Frameworks */,
				D88A7C30201C34330079EE9B /* Resources */,
			);
			buildRules = (
			);
			dependencies = (
				D88A7C34201C34330079EE9B /* PBXTargetDependency */,
			);
			name = "Virtual TouristUITests";
			productName = "Virtual TouristUITests";
			productReference = D88A7C32201C34330079EE9B /* Virtual TouristUITests.xctest */;
			productType = "com.apple.product-type.bundle.ui-testing";
		};
/* End PBXNativeTarget section */

/* Begin PBXProject section */
		D88A7C08201C34330079EE9B /* Project object */ = {
			isa = PBXProject;
			attributes = {
				LastSwiftUpdateCheck = 0920;
				LastUpgradeCheck = 0920;
				ORGANIZATIONNAME = "Satveer Singh";
				TargetAttributes = {
					D88A7C0F201C34330079EE9B = {
						CreatedOnToolsVersion = 9.2;
						ProvisioningStyle = Automatic;
					};
					D88A7C26201C34330079EE9B = {
						CreatedOnToolsVersion = 9.2;
						ProvisioningStyle = Automatic;
						TestTargetID = D88A7C0F201C34330079EE9B;
					};
					D88A7C31201C34330079EE9B = {
						CreatedOnToolsVersion = 9.2;
						ProvisioningStyle = Automatic;
						TestTargetID = D88A7C0F201C34330079EE9B;
					};
				};
			};
			buildConfigurationList = D88A7C0B201C34330079EE9B /* Build configuration list for PBXProject "Virtual Tourist" */;
			compatibilityVersion = "Xcode 8.0";
			developmentRegion = en;
			hasScannedForEncodings = 0;
			knownRegions = (
				en,
				Base,
			);
			mainGroup = D88A7C07201C34330079EE9B;
			productRefGroup = D88A7C11201C34330079EE9B /* Products */;
			projectDirPath = "";
			projectRoot = "";
			targets = (
				D88A7C0F201C34330079EE9B /* Virtual Tourist */,
				D88A7C26201C34330079EE9B /* Virtual TouristTests */,
				D88A7C31201C34330079EE9B /* Virtual TouristUITests */,
			);
		};
/* End PBXProject section */

/* Begin PBXResourcesBuildPhase section */
		D88A7C0E201C34330079EE9B /* Resources */ = {
			isa = PBXResourcesBuildPhase;
			buildActionMask = 2147483647;
			files = (
				D88A7C21201C34330079EE9B /* LaunchScreen.storyboard in Resources */,
				D88A7C1E201C34330079EE9B /* Assets.xcassets in Resources */,
				D88A7C19201C34330079EE9B /* Main.storyboard in Resources */,
			);
			runOnlyForDeploymentPostprocessing = 0;
		};
		D88A7C25201C34330079EE9B /* Resources */ = {
			isa = PBXResourcesBuildPhase;
			buildActionMask = 2147483647;
			files = (
			);
			runOnlyForDeploymentPostprocessing = 0;
		};
		D88A7C30201C34330079EE9B /* Resources */ = {
			isa = PBXResourcesBuildPhase;
			buildActionMask = 2147483647;
			files = (
			);
			runOnlyForDeploymentPostprocessing = 0;
		};
/* End PBXResourcesBuildPhase section */

/* Begin PBXSourcesBuildPhase section */
		D88A7C0C201C34330079EE9B /* Sources */ = {
			isa = PBXSourcesBuildPhase;
			buildActionMask = 2147483647;
			files = (
				D810F430201E4EA900782825 /* FlickrCollectionViewController.swift in Sources */,
				D810F429201D6B6000782825 /* FlickerClient.swift in Sources */,
				D80857D5206887F400807535 /* LocationCD+CoreDataProperties.swift in Sources */,
				D80857D6206887F400807535 /* PhotosCD+CoreDataClass.swift in Sources */,
				D80857D9206890DA00807535 /* CoreDataStach.swift in Sources */,
				D80857D7206887F400807535 /* PhotosCD+CoreDataProperties.swift in Sources */,
				D810F42B201D6B9500782825 /* MapViewController.swift in Sources */,
				D810F432201E4FE300782825 /* FlickrCollectionViewCell.swift in Sources */,
				D88A7C16201C34330079EE9B /* ViewController.swift in Sources */,
				D80857D4206887F400807535 /* LocationCD+CoreDataClass.swift in Sources */,
				D88A7C1C201C34330079EE9B /* Virtual_Tourist.xcdatamodeld in Sources */,
				D88A7C14201C34330079EE9B /* AppDelegate.swift in Sources */,
				D810F427201D6B3F00782825 /* GCDBlankBox.swift in Sources */,
				D881E67F203A3DCF00165B02 /* Constants.swift in Sources */,
			);
			runOnlyForDeploymentPostprocessing = 0;
		};
		D88A7C23201C34330079EE9B /* Sources */ = {
			isa = PBXSourcesBuildPhase;
			buildActionMask = 2147483647;
			files = (
				D88A7C2C201C34330079EE9B /* Virtual_TouristTests.swift in Sources */,
			);
			runOnlyForDeploymentPostprocessing = 0;
		};
		D88A7C2E201C34330079EE9B /* Sources */ = {
			isa = PBXSourcesBuildPhase;
			buildActionMask = 2147483647;
			files = (
				D88A7C37201C34330079EE9B /* Virtual_TouristUITests.swift in Sources */,
			);
			runOnlyForDeploymentPostprocessing = 0;
		};
/* End PBXSourcesBuildPhase section */

/* Begin PBXTargetDependency section */
		D88A7C29201C34330079EE9B /* PBXTargetDependency */ = {
			isa = PBXTargetDependency;
			target = D88A7C0F201C34330079EE9B /* Virtual Tourist */;
			targetProxy = D88A7C28201C34330079EE9B /* PBXContainerItemProxy */;
		};
		D88A7C34201C34330079EE9B /* PBXTargetDependency */ = {
			isa = PBXTargetDependency;
			target = D88A7C0F201C34330079EE9B /* Virtual Tourist */;
			targetProxy = D88A7C33201C34330079EE9B /* PBXContainerItemProxy */;
		};
/* End PBXTargetDependency section */

/* Begin PBXVariantGroup section */
		D88A7C17201C34330079EE9B /* Main.storyboard */ = {
			isa = PBXVariantGroup;
			children = (
				D88A7C18201C34330079EE9B /* Base */,
			);
			name = Main.storyboard;
			sourceTree = "<group>";
		};
		D88A7C1F201C34330079EE9B /* LaunchScreen.storyboard */ = {
			isa = PBXVariantGroup;
			children = (
				D88A7C20201C34330079EE9B /* Base */,
			);
			name = LaunchScreen.storyboard;
			sourceTree = "<group>";
		};
/* End PBXVariantGroup section */

/* Begin XCBuildConfiguration section */
		D88A7C39201C34330079EE9B /* Debug */ = {
			isa = XCBuildConfiguration;
			buildSettings = {
				ALWAYS_SEARCH_USER_PATHS = NO;
				CLANG_ANALYZER_NONNULL = YES;
				CLANG_ANALYZER_NUMBER_OBJECT_CONVERSION = YES_AGGRESSIVE;
				CLANG_CXX_LANGUAGE_STANDARD = "gnu++14";
				CLANG_CXX_LIBRARY = "libc++";
				CLANG_ENABLE_MODULES = YES;
				CLANG_ENABLE_OBJC_ARC = YES;
				CLANG_WARN_BLOCK_CAPTURE_AUTORELEASING = YES;
				CLANG_WARN_BOOL_CONVERSION = YES;
				CLANG_WARN_COMMA = YES;
				CLANG_WARN_CONSTANT_CONVERSION = YES;
				CLANG_WARN_DIRECT_OBJC_ISA_USAGE = YES_ERROR;
				CLANG_WARN_DOCUMENTATION_COMMENTS = YES;
				CLANG_WARN_EMPTY_BODY = YES;
				CLANG_WARN_ENUM_CONVERSION = YES;
				CLANG_WARN_INFINITE_RECURSION = YES;
				CLANG_WARN_INT_CONVERSION = YES;
				CLANG_WARN_NON_LITERAL_NULL_CONVERSION = YES;
				CLANG_WARN_OBJC_LITERAL_CONVERSION = YES;
				CLANG_WARN_OBJC_ROOT_CLASS = YES_ERROR;
				CLANG_WARN_RANGE_LOOP_ANALYSIS = YES;
				CLANG_WARN_STRICT_PROTOTYPES = YES;
				CLANG_WARN_SUSPICIOUS_MOVE = YES;
				CLANG_WARN_UNGUARDED_AVAILABILITY = YES_AGGRESSIVE;
				CLANG_WARN_UNREACHABLE_CODE = YES;
				CLANG_WARN__DUPLICATE_METHOD_MATCH = YES;
				CODE_SIGN_IDENTITY = "iPhone Developer";
				COPY_PHASE_STRIP = NO;
				DEBUG_INFORMATION_FORMAT = dwarf;
				ENABLE_STRICT_OBJC_MSGSEND = YES;
				ENABLE_TESTABILITY = YES;
				GCC_C_LANGUAGE_STANDARD = gnu11;
				GCC_DYNAMIC_NO_PIC = NO;
				GCC_NO_COMMON_BLOCKS = YES;
				GCC_OPTIMIZATION_LEVEL = 0;
				GCC_PREPROCESSOR_DEFINITIONS = (
					"DEBUG=1",
					"$(inherited)",
				);
				GCC_WARN_64_TO_32_BIT_CONVERSION = YES;
				GCC_WARN_ABOUT_RETURN_TYPE = YES_ERROR;
				GCC_WARN_UNDECLARED_SELECTOR = YES;
				GCC_WARN_UNINITIALIZED_AUTOS = YES_AGGRESSIVE;
				GCC_WARN_UNUSED_FUNCTION = YES;
				GCC_WARN_UNUSED_VARIABLE = YES;
				IPHONEOS_DEPLOYMENT_TARGET = 11.2;
				MTL_ENABLE_DEBUG_INFO = YES;
				ONLY_ACTIVE_ARCH = YES;
				SDKROOT = iphoneos;
				SWIFT_ACTIVE_COMPILATION_CONDITIONS = DEBUG;
				SWIFT_OPTIMIZATION_LEVEL = "-Onone";
			};
			name = Debug;
		};
		D88A7C3A201C34330079EE9B /* Release */ = {
			isa = XCBuildConfiguration;
			buildSettings = {
				ALWAYS_SEARCH_USER_PATHS = NO;
				CLANG_ANALYZER_NONNULL = YES;
				CLANG_ANALYZER_NUMBER_OBJECT_CONVERSION = YES_AGGRESSIVE;
				CLANG_CXX_LANGUAGE_STANDARD = "gnu++14";
				CLANG_CXX_LIBRARY = "libc++";
				CLANG_ENABLE_MODULES = YES;
				CLANG_ENABLE_OBJC_ARC = YES;
				CLANG_WARN_BLOCK_CAPTURE_AUTORELEASING = YES;
				CLANG_WARN_BOOL_CONVERSION = YES;
				CLANG_WARN_COMMA = YES;
				CLANG_WARN_CONSTANT_CONVERSION = YES;
				CLANG_WARN_DIRECT_OBJC_ISA_USAGE = YES_ERROR;
				CLANG_WARN_DOCUMENTATION_COMMENTS = YES;
				CLANG_WARN_EMPTY_BODY = YES;
				CLANG_WARN_ENUM_CONVERSION = YES;
				CLANG_WARN_INFINITE_RECURSION = YES;
				CLANG_WARN_INT_CONVERSION = YES;
				CLANG_WARN_NON_LITERAL_NULL_CONVERSION = YES;
				CLANG_WARN_OBJC_LITERAL_CONVERSION = YES;
				CLANG_WARN_OBJC_ROOT_CLASS = YES_ERROR;
				CLANG_WARN_RANGE_LOOP_ANALYSIS = YES;
				CLANG_WARN_STRICT_PROTOTYPES = YES;
				CLANG_WARN_SUSPICIOUS_MOVE = YES;
				CLANG_WARN_UNGUARDED_AVAILABILITY = YES_AGGRESSIVE;
				CLANG_WARN_UNREACHABLE_CODE = YES;
				CLANG_WARN__DUPLICATE_METHOD_MATCH = YES;
				CODE_SIGN_IDENTITY = "iPhone Developer";
				COPY_PHASE_STRIP = NO;
				DEBUG_INFORMATION_FORMAT = "dwarf-with-dsym";
				ENABLE_NS_ASSERTIONS = NO;
				ENABLE_STRICT_OBJC_MSGSEND = YES;
				GCC_C_LANGUAGE_STANDARD = gnu11;
				GCC_NO_COMMON_BLOCKS = YES;
				GCC_WARN_64_TO_32_BIT_CONVERSION = YES;
				GCC_WARN_ABOUT_RETURN_TYPE = YES_ERROR;
				GCC_WARN_UNDECLARED_SELECTOR = YES;
				GCC_WARN_UNINITIALIZED_AUTOS = YES_AGGRESSIVE;
				GCC_WARN_UNUSED_FUNCTION = YES;
				GCC_WARN_UNUSED_VARIABLE = YES;
				IPHONEOS_DEPLOYMENT_TARGET = 11.2;
				MTL_ENABLE_DEBUG_INFO = NO;
				SDKROOT = iphoneos;
				SWIFT_OPTIMIZATION_LEVEL = "-Owholemodule";
				VALIDATE_PRODUCT = YES;
			};
			name = Release;
		};
		D88A7C3C201C34330079EE9B /* Debug */ = {
			isa = XCBuildConfiguration;
			buildSettings = {
				ASSETCATALOG_COMPILER_APPICON_NAME = AppIcon;
				CODE_SIGN_STYLE = Automatic;
				DEVELOPMENT_TEAM = VW9B82YJ6D;
				INFOPLIST_FILE = "Virtual Tourist/Info.plist";
				LD_RUNPATH_SEARCH_PATHS = "$(inherited) @executable_path/Frameworks";
				PRODUCT_BUNDLE_IDENTIFIER = "khera.Virtual-Tourist";
				PRODUCT_NAME = "$(TARGET_NAME)";
				SWIFT_VERSION = 4.0;
				TARGETED_DEVICE_FAMILY = "1,2";
			};
			name = Debug;
		};
		D88A7C3D201C34330079EE9B /* Release */ = {
			isa = XCBuildConfiguration;
			buildSettings = {
				ASSETCATALOG_COMPILER_APPICON_NAME = AppIcon;
				CODE_SIGN_STYLE = Automatic;
				DEVELOPMENT_TEAM = VW9B82YJ6D;
				INFOPLIST_FILE = "Virtual Tourist/Info.plist";
				LD_RUNPATH_SEARCH_PATHS = "$(inherited) @executable_path/Frameworks";
				PRODUCT_BUNDLE_IDENTIFIER = "khera.Virtual-Tourist";
				PRODUCT_NAME = "$(TARGET_NAME)";
				SWIFT_VERSION = 4.0;
				TARGETED_DEVICE_FAMILY = "1,2";
			};
			name = Release;
		};
		D88A7C3F201C34330079EE9B /* Debug */ = {
			isa = XCBuildConfiguration;
			buildSettings = {
				ALWAYS_EMBED_SWIFT_STANDARD_LIBRARIES = YES;
				BUNDLE_LOADER = "$(TEST_HOST)";
				CODE_SIGN_STYLE = Automatic;
				DEVELOPMENT_TEAM = VW9B82YJ6D;
				INFOPLIST_FILE = "Virtual TouristTests/Info.plist";
				LD_RUNPATH_SEARCH_PATHS = "$(inherited) @executable_path/Frameworks @loader_path/Frameworks";
				PRODUCT_BUNDLE_IDENTIFIER = "khera.Virtual-TouristTests";
				PRODUCT_NAME = "$(TARGET_NAME)";
				SWIFT_VERSION = 4.0;
				TARGETED_DEVICE_FAMILY = "1,2";
				TEST_HOST = "$(BUILT_PRODUCTS_DIR)/Virtual Tourist.app/Virtual Tourist";
			};
			name = Debug;
		};
		D88A7C40201C34330079EE9B /* Release */ = {
			isa = XCBuildConfiguration;
			buildSettings = {
				ALWAYS_EMBED_SWIFT_STANDARD_LIBRARIES = YES;
				BUNDLE_LOADER = "$(TEST_HOST)";
				CODE_SIGN_STYLE = Automatic;
				DEVELOPMENT_TEAM = VW9B82YJ6D;
				INFOPLIST_FILE = "Virtual TouristTests/Info.plist";
				LD_RUNPATH_SEARCH_PATHS = "$(inherited) @executable_path/Frameworks @loader_path/Frameworks";
				PRODUCT_BUNDLE_IDENTIFIER = "khera.Virtual-TouristTests";
				PRODUCT_NAME = "$(TARGET_NAME)";
				SWIFT_VERSION = 4.0;
				TARGETED_DEVICE_FAMILY = "1,2";
				TEST_HOST = "$(BUILT_PRODUCTS_DIR)/Virtual Tourist.app/Virtual Tourist";
			};
			name = Release;
		};
		D88A7C42201C34330079EE9B /* Debug */ = {
			isa = XCBuildConfiguration;
			buildSettings = {
				ALWAYS_EMBED_SWIFT_STANDARD_LIBRARIES = YES;
				CODE_SIGN_STYLE = Automatic;
				DEVELOPMENT_TEAM = VW9B82YJ6D;
				INFOPLIST_FILE = "Virtual TouristUITests/Info.plist";
				LD_RUNPATH_SEARCH_PATHS = "$(inherited) @executable_path/Frameworks @loader_path/Frameworks";
				PRODUCT_BUNDLE_IDENTIFIER = "khera.Virtual-TouristUITests";
				PRODUCT_NAME = "$(TARGET_NAME)";
				SWIFT_VERSION = 4.0;
				TARGETED_DEVICE_FAMILY = "1,2";
				TEST_TARGET_NAME = "Virtual Tourist";
			};
			name = Debug;
		};
		D88A7C43201C34330079EE9B /* Release */ = {
			isa = XCBuildConfiguration;
			buildSettings = {
				ALWAYS_EMBED_SWIFT_STANDARD_LIBRARIES = YES;
				CODE_SIGN_STYLE = Automatic;
				DEVELOPMENT_TEAM = VW9B82YJ6D;
				INFOPLIST_FILE = "Virtual TouristUITests/Info.plist";
				LD_RUNPATH_SEARCH_PATHS = "$(inherited) @executable_path/Frameworks @loader_path/Frameworks";
				PRODUCT_BUNDLE_IDENTIFIER = "khera.Virtual-TouristUITests";
				PRODUCT_NAME = "$(TARGET_NAME)";
				SWIFT_VERSION = 4.0;
				TARGETED_DEVICE_FAMILY = "1,2";
				TEST_TARGET_NAME = "Virtual Tourist";
			};
			name = Release;
		};
/* End XCBuildConfiguration section */

/* Begin XCConfigurationList section */
		D88A7C0B201C34330079EE9B /* Build configuration list for PBXProject "Virtual Tourist" */ = {
			isa = XCConfigurationList;
			buildConfigurations = (
				D88A7C39201C34330079EE9B /* Debug */,
				D88A7C3A201C34330079EE9B /* Release */,
			);
			defaultConfigurationIsVisible = 0;
			defaultConfigurationName = Release;
		};
		D88A7C3B201C34330079EE9B /* Build configuration list for PBXNativeTarget "Virtual Tourist" */ = {
			isa = XCConfigurationList;
			buildConfigurations = (
				D88A7C3C201C34330079EE9B /* Debug */,
				D88A7C3D201C34330079EE9B /* Release */,
			);
			defaultConfigurationIsVisible = 0;
			defaultConfigurationName = Release;
		};
		D88A7C3E201C34330079EE9B /* Build configuration list for PBXNativeTarget "Virtual TouristTests" */ = {
			isa = XCConfigurationList;
			buildConfigurations = (
				D88A7C3F201C34330079EE9B /* Debug */,
				D88A7C40201C34330079EE9B /* Release */,
			);
			defaultConfigurationIsVisible = 0;
			defaultConfigurationName = Release;
		};
		D88A7C41201C34330079EE9B /* Build configuration list for PBXNativeTarget "Virtual TouristUITests" */ = {
			isa = XCConfigurationList;
			buildConfigurations = (
				D88A7C42201C34330079EE9B /* Debug */,
				D88A7C43201C34330079EE9B /* Release */,
			);
			defaultConfigurationIsVisible = 0;
			defaultConfigurationName = Release;
		};
/* End XCConfigurationList section */

/* Begin XCVersionGroup section */
		D88A7C1A201C34330079EE9B /* Virtual_Tourist.xcdatamodeld */ = {
			isa = XCVersionGroup;
			children = (
				D88A7C1B201C34330079EE9B /* Virtual_Tourist.xcdatamodel */,
			);
			currentVersion = D88A7C1B201C34330079EE9B /* Virtual_Tourist.xcdatamodel */;
			path = Virtual_Tourist.xcdatamodeld;
			sourceTree = "<group>";
			versionGroupType = wrapper.xcdatamodel;
		};
/* End XCVersionGroup section */
	};
	rootObject = D88A7C08201C34330079EE9B /* Project object */;
}
